
Microsoft Visual Studio Solution File, Format Version 12.00
# Visual Studio Version 17
VisualStudioVersion = 17.0.32126.317
MinimumVisualStudioVersion = 10.0.40219.1
Project("{FAE04EC0-301F-11D3-BF4B-00C04F79EFBC}") = "Priklad_1", "Priklad_1\Priklad_1.csproj", "{9587CFD0-E092-4187-ADC6-1ADEF5B34626}"
EndProject
Global
	GlobalSection(SolutionConfigurationPlatforms) = preSolution
		Debug|Any CPU = Debug|Any CPU
		Release|Any CPU = Release|Any CPU
	EndGlobalSection
	GlobalSection(ProjectConfigurationPlatforms) = postSolution
		{9587CFD0-E092-4187-ADC6-1ADEF5B34626}.Debug|Any CPU.ActiveCfg = Debug|Any CPU
		{9587CFD0-E092-4187-ADC6-1ADEF5B34626}.Debug|Any CPU.Build.0 = Debug|Any CPU
		{9587CFD0-E092-4187-ADC6-1ADEF5B34626}.Release|Any CPU.ActiveCfg = Release|Any CPU
		{9587CFD0-E092-4187-ADC6-1ADEF5B34626}.Release|Any CPU.Build.0 = Release|Any CPU
	EndGlobalSection
	GlobalSection(SolutionProperties) = preSolution
		HideSolutionNode = FALSE
	EndGlobalSection
	GlobalSection(ExtensibilityGlobals) = postSolution
		SolutionGuid = {91662A68-B3F3-41BC-861F-62DF9D2E6ED5}
	EndGlobalSection
EndGlobal
