
Microsoft Visual Studio Solution File, Format Version 12.00
# Visual Studio Version 17
VisualStudioVersion = 17.0.32112.339
MinimumVisualStudioVersion = 10.0.40219.1
Project("{FAE04EC0-301F-11D3-BF4B-00C04F79EFBC}") = "UserArchive", "Sanbox\UserArchive.csproj", "{2D7B3DB8-3430-4CFF-B85D-A85C3686ACEA}"
EndProject
Global
	GlobalSection(SolutionConfigurationPlatforms) = preSolution
		Debug|Any CPU = Debug|Any CPU
		Release|Any CPU = Release|Any CPU
	EndGlobalSection
	GlobalSection(ProjectConfigurationPlatforms) = postSolution
		{2D7B3DB8-3430-4CFF-B85D-A85C3686ACEA}.Debug|Any CPU.ActiveCfg = Debug|Any CPU
		{2D7B3DB8-3430-4CFF-B85D-A85C3686ACEA}.Debug|Any CPU.Build.0 = Debug|Any CPU
		{2D7B3DB8-3430-4CFF-B85D-A85C3686ACEA}.Release|Any CPU.ActiveCfg = Release|Any CPU
		{2D7B3DB8-3430-4CFF-B85D-A85C3686ACEA}.Release|Any CPU.Build.0 = Release|Any CPU
	EndGlobalSection
	GlobalSection(SolutionProperties) = preSolution
		HideSolutionNode = FALSE
	EndGlobalSection
	GlobalSection(ExtensibilityGlobals) = postSolution
		SolutionGuid = {4236A9C1-C296-4E24-809F-EC25CAB1F34B}
	EndGlobalSection
EndGlobal
