
Microsoft Visual Studio Solution File, Format Version 12.00
# Visual Studio Version 17
VisualStudioVersion = 17.1.32328.378
MinimumVisualStudioVersion = 10.0.40219.1
Project("{FAE04EC0-301F-11D3-BF4B-00C04F79EFBC}") = "Urban_Arktida", "Urban_Arktida\Urban_Arktida.csproj", "{633E2DAB-4780-4EB7-B92E-B10FADBC227E}"
EndProject
Global
	GlobalSection(SolutionConfigurationPlatforms) = preSolution
		Debug|Any CPU = Debug|Any CPU
		Release|Any CPU = Release|Any CPU
	EndGlobalSection
	GlobalSection(ProjectConfigurationPlatforms) = postSolution
		{633E2DAB-4780-4EB7-B92E-B10FADBC227E}.Debug|Any CPU.ActiveCfg = Debug|Any CPU
		{633E2DAB-4780-4EB7-B92E-B10FADBC227E}.Debug|Any CPU.Build.0 = Debug|Any CPU
		{633E2DAB-4780-4EB7-B92E-B10FADBC227E}.Release|Any CPU.ActiveCfg = Release|Any CPU
		{633E2DAB-4780-4EB7-B92E-B10FADBC227E}.Release|Any CPU.Build.0 = Release|Any CPU
	EndGlobalSection
	GlobalSection(SolutionProperties) = preSolution
		HideSolutionNode = FALSE
	EndGlobalSection
	GlobalSection(ExtensibilityGlobals) = postSolution
		SolutionGuid = {7C0E2DE0-80DC-457D-8EFE-0A2075F3392C}
	EndGlobalSection
EndGlobal
